{
  "version": 2,
  "dependencies": {
    "net10.0": {
      "AWSSDK.SecretsManager": {
        "type": "Direct",
        "requested": "[4.0.100.11, )",
        "resolved": "4.0.100.11",
        "contentHash": "rRIcSPtDixaP/XeoyfVX8a0DQ2uFAGtgslCoNEj6ay2ISAmRP17jaK/O2Ae1scZuGNpsjI1pBQCguumsiQSJ4w==",
        "dependencies": {
          "AWSSDK.Core": "[4.0.102.1, 5.0.0)"
        }
      },
      "Npgsql": {
        "type": "Direct",
        "requested": "[10.0.3, )",
        "resolved": "10.0.3",
        "contentHash": "7nb5YzXuvWWJxB0J8DiyL3we+X4FOctZrt0fIBnucOIaIevFEEwGQVZKtiu9olXdlNAK1eNgqSral6r/jlhI4w==",
        "dependencies": {
          "Microsoft.Extensions.Logging.Abstractions": "10.0.0"
        }
      },
      "Microsoft.Extensions.DependencyInjection.Abstractions": {
        "type": "Transitive",
        "resolved": "10.0.0",
        "contentHash": "L3AdmZ1WOK4XXT5YFPEwyt0ep6l8lGIPs7F5OOBZc77Zqeo01Of7XXICy47628sdVl0v/owxYJTe86DTgFwKCA=="
      },
      "Microsoft.Extensions.Logging.Abstractions": {
        "type": "Transitive",
        "resolved": "10.0.0",
        "contentHash": "FU/IfjDfwaMuKr414SSQNTIti/69bHEMb+QKrskRb26oVqpx3lNFXMjs/RC9ZUuhBhcwDM2BwOgoMw+PZ+beqQ==",
        "dependencies": {
          "Microsoft.Extensions.DependencyInjection.Abstractions": "10.0.0"
        }
      },
      "AWSSDK.Core": {
        "type": "CentralTransitive",
        "requested": "[4.0.102.1, )",
        "resolved": "4.0.102.1",
        "contentHash": "vsf+/o+S/euH/wG7bO1cha+OWaHvjgvpDeGFO6l3Vcdio9GlSfXkZDD2BogMuAJ+/jDyqqSgqmYVolPKV9ie/A=="
      }
    }
  }
}